// !$*UTF8*$!
{
	archiveVersion = 1;
	classes = {
	};
	objectVersion = 56;
	objects = {

/* Begin PBXBuildFile section */
		0AC57C4436544784BE0A0B2E /* Cell.swift in Sources */ = {isa = PBXBuildFile; fileRef = A100001A229E001A /* Cell.swift */; };
		0F68E64C3165091121DCAE48 /* MenuMinesApp.swift in Sources */ = {isa = PBXBuildFile; fileRef = A1000002229E0002 /* MenuMinesApp.swift */; };
		1386B88ACDED0641786C4D8A /* Localizable.strings in Resources */ = {isa = PBXBuildFile; fileRef = A1000043229E0043 /* Localizable.strings */; };
		219A5CF7F2A69EF871B71E2C /* GameState.swift in Sources */ = {isa = PBXBuildFile; fileRef = A100001E229E001E /* GameState.swift */; };
		2543E589DC0E74C44F7D2A0D /* StatsStore.swift in Sources */ = {isa = PBXBuildFile; fileRef = A1000083229E0083 /* StatsStore.swift */; };
		34103414FF5D2B975D24A5CA /* CellView.swift in Sources */ = {isa = PBXBuildFile; fileRef = A1000022229E0022 /* CellView.swift */; };
		45A72912B6FD53A73F0C12B8 /* Assets.xcassets in Resources */ = {isa = PBXBuildFile; fileRef = A1000006229E0006 /* Assets.xcassets */; };
		55595706A38B9DA60CF373DA /* GameBoardView.swift in Sources */ = {isa = PBXBuildFile; fileRef = A1000024229E0024 /* GameBoardView.swift */; };
		56AB90C03535B7B699ABDC7E /* HeaderView.swift in Sources */ = {isa = PBXBuildFile; fileRef = A1000026229E0026 /* HeaderView.swift */; };
		6B961CC5DBBCDD066107D8BA /* Constants.swift in Sources */ = {isa = PBXBuildFile; fileRef = A100009B229E009B /* Constants.swift */; };
		6FFC1BBBD7193BD1213415D4 /* MenuContentView.swift in Sources */ = {isa = PBXBuildFile; fileRef = A1000004229E0004 /* MenuContentView.swift */; };
		7318CF5C5241562104D235AD /* Board.swift in Sources */ = {isa = PBXBuildFile; fileRef = A100001C229E001C /* Board.swift */; };
		77814D5E996FB19EAC310DDC /* ShareTextGenerator.swift in Sources */ = {isa = PBXBuildFile; fileRef = 69E7024973DDFB0D12DA5C0B /* ShareTextGenerator.swift */; };
		79B32F9AB74D435C11D6CAA2 /* AccessibilityAnnouncer.swift in Sources */ = {isa = PBXBuildFile; fileRef = ADBC0D03C616C4EDBC3F1A6C /* AccessibilityAnnouncer.swift */; };
		7B6F917CBF187910503D305C /* MenuBarIconState.swift in Sources */ = {isa = PBXBuildFile; fileRef = A1000071229E0071 /* MenuBarIconState.swift */; };
		93730F02D86DC62DE56DCEA4 /* UpdateManager.swift in Sources */ = {isa = PBXBuildFile; fileRef = A1000210229E0210 /* UpdateManager.swift */; };
		A1000001229E0001 /* MenuMinesApp.swift in Sources */ = {isa = PBXBuildFile; fileRef = A1000002229E0002 /* MenuMinesApp.swift */; };
		A1000003229E0003 /* MenuContentView.swift in Sources */ = {isa = PBXBuildFile; fileRef = A1000004229E0004 /* MenuContentView.swift */; };
		A1000005229E0005 /* Assets.xcassets in Resources */ = {isa = PBXBuildFile; fileRef = A1000006229E0006 /* Assets.xcassets */; };
		A1000019229E0019 /* Cell.swift in Sources */ = {isa = PBXBuildFile; fileRef = A100001A229E001A /* Cell.swift */; };
		A100001B229E001B /* Board.swift in Sources */ = {isa = PBXBuildFile; fileRef = A100001C229E001C /* Board.swift */; };
		A100001D229E001D /* GameState.swift in Sources */ = {isa = PBXBuildFile; fileRef = A100001E229E001E /* GameState.swift */; };
		A100001F229E001F /* DailyBoard.swift in Sources */ = {isa = PBXBuildFile; fileRef = A1000020229E0020 /* DailyBoard.swift */; };
		A1000021229E0021 /* CellView.swift in Sources */ = {isa = PBXBuildFile; fileRef = A1000022229E0022 /* CellView.swift */; };
		A1000023229E0023 /* GameBoardView.swift in Sources */ = {isa = PBXBuildFile; fileRef = A1000024229E0024 /* GameBoardView.swift */; };
		A1000025229E0025 /* HeaderView.swift in Sources */ = {isa = PBXBuildFile; fileRef = A1000026229E0026 /* HeaderView.swift */; };
		A1000027229E0027 /* FooterView.swift in Sources */ = {isa = PBXBuildFile; fileRef = A1000028229E0028 /* FooterView.swift */; };
		A100003D229E003D /* BoardTests.swift in Sources */ = {isa = PBXBuildFile; fileRef = A100003E229E003E /* BoardTests.swift */; };
		A100003F229E003F /* ConfettiView.swift in Sources */ = {isa = PBXBuildFile; fileRef = A1000040229E0040 /* ConfettiView.swift */; };
		A1000041229E0041 /* AboutWindow.swift in Sources */ = {isa = PBXBuildFile; fileRef = A1000042229E0042 /* AboutWindow.swift */; };
		A1000045229E0045 /* Localizable.strings in Resources */ = {isa = PBXBuildFile; fileRef = A1000043229E0043 /* Localizable.strings */; };
		A1000050229E0050 /* Sentry in Frameworks */ = {isa = PBXBuildFile; productRef = A1000051229E0051 /* Sentry */; };
		A1000060229E0060 /* SettingsView.swift in Sources */ = {isa = PBXBuildFile; fileRef = A1000061229E0061 /* SettingsView.swift */; };
		A1000062229E0062 /* MenuBarIconStateTests.swift in Sources */ = {isa = PBXBuildFile; fileRef = A1000063229E0063 /* MenuBarIconStateTests.swift */; };
		A1000064229E0064 /* DailyCompletionTests.swift in Sources */ = {isa = PBXBuildFile; fileRef = A1000065229E0065 /* DailyCompletionTests.swift */; };
		A1000070229E0070 /* MenuBarIconState.swift in Sources */ = {isa = PBXBuildFile; fileRef = A1000071229E0071 /* MenuBarIconState.swift */; };
		A1000080229E0080 /* GameResult.swift in Sources */ = {isa = PBXBuildFile; fileRef = A1000081229E0081 /* GameResult.swift */; };
		A1000082229E0082 /* StatsStore.swift in Sources */ = {isa = PBXBuildFile; fileRef = A1000083229E0083 /* StatsStore.swift */; };
		A1000084229E0084 /* StatsWindow.swift in Sources */ = {isa = PBXBuildFile; fileRef = A1000085229E0085 /* StatsWindow.swift */; };
		A1000086229E0086 /* StatsStoreTests.swift in Sources */ = {isa = PBXBuildFile; fileRef = A1000087229E0087 /* StatsStoreTests.swift */; };
		A1000088229E0088 /* SettingsTests.swift in Sources */ = {isa = PBXBuildFile; fileRef = A1000089229E0089 /* SettingsTests.swift */; };
		A100009A229E009A /* Constants.swift in Sources */ = {isa = PBXBuildFile; fileRef = A100009B229E009B /* Constants.swift */; };
		A10001A0229E01A0 /* GameStateTestHelpers.swift in Sources */ = {isa = PBXBuildFile; fileRef = A10001A1229E01A1 /* GameStateTestHelpers.swift */; };
		A10001A2229E01A2 /* GameStateBasicTests.swift in Sources */ = {isa = PBXBuildFile; fileRef = A10001A3229E01A3 /* GameStateBasicTests.swift */; };
		A10001A4229E01A4 /* GameStateSelectionTests.swift in Sources */ = {isa = PBXBuildFile; fileRef = A10001A5229E01A5 /* GameStateSelectionTests.swift */; };
		A10001A6229E01A6 /* GameStateWinLoseTests.swift in Sources */ = {isa = PBXBuildFile; fileRef = A10001A7229E01A7 /* GameStateWinLoseTests.swift */; };
		A10001A8229E01A8 /* GameStateTimerTests.swift in Sources */ = {isa = PBXBuildFile; fileRef = A10001A9229E01A9 /* GameStateTimerTests.swift */; };
		A10001AA229E01AA /* GameStateChordRevealTests.swift in Sources */ = {isa = PBXBuildFile; fileRef = A10001AB229E01AB /* GameStateChordRevealTests.swift */; };
		A10001AC229E01AC /* GameStateShareTests.swift in Sources */ = {isa = PBXBuildFile; fileRef = A10001AD229E01AD /* GameStateShareTests.swift */; };
		A10001AE229E01AE /* GameStatePauseTests.swift in Sources */ = {isa = PBXBuildFile; fileRef = A10001AF229E01AF /* GameStatePauseTests.swift */; };
		A10001B0229E01B0 /* GameStateCodableTests.swift in Sources */ = {isa = PBXBuildFile; fileRef = A10001B1229E01B1 /* GameStateCodableTests.swift */; };
		A10001B2229E01B2 /* GameStatePersistenceTests.swift in Sources */ = {isa = PBXBuildFile; fileRef = A10001B3229E01B3 /* GameStatePersistenceTests.swift */; };
		A10001C0229E01C0 /* PrivacyInfo.xcprivacy in Resources */ = {isa = PBXBuildFile; fileRef = A10001C1229E01C1 /* PrivacyInfo.xcprivacy */; };
		A1000211229E0211 /* UpdateManager.swift in Sources */ = {isa = PBXBuildFile; fileRef = A1000210229E0210 /* UpdateManager.swift */; };
		BDEDFA31900C31F86AB3C009 /* SettingsView.swift in Sources */ = {isa = PBXBuildFile; fileRef = A1000061229E0061 /* SettingsView.swift */; };
		C025A855A60908A57B9EA2B7 /* PrivacyInfo.xcprivacy in Resources */ = {isa = PBXBuildFile; fileRef = A10001C1229E01C1 /* PrivacyInfo.xcprivacy */; };
		C1A2E8249E61CE4F458FB08A /* GameTimer.swift in Sources */ = {isa = PBXBuildFile; fileRef = 98646FF50DD548507DF79EFF /* GameTimer.swift */; };
		C34F31163447957155669BA1 /* StatsWindow.swift in Sources */ = {isa = PBXBuildFile; fileRef = A1000085229E0085 /* StatsWindow.swift */; };
		C8510E2FB3392D4D721AAF45 /* Sparkle in Frameworks */ = {isa = PBXBuildFile; productRef = A1000054229E0054 /* Sparkle */; };
		DFDC43CE73E73FAFE5F0271D /* AboutWindow.swift in Sources */ = {isa = PBXBuildFile; fileRef = A1000042229E0042 /* AboutWindow.swift */; };
		E04DF0A7CE1D3F4F171D58C0 /* ConfettiView.swift in Sources */ = {isa = PBXBuildFile; fileRef = A1000040229E0040 /* ConfettiView.swift */; };
		E8041408A3156729C177A080 /* GameResult.swift in Sources */ = {isa = PBXBuildFile; fileRef = A1000081229E0081 /* GameResult.swift */; };
		ED2D6D9B294CBD70425A29F2 /* DailyBoard.swift in Sources */ = {isa = PBXBuildFile; fileRef = A1000020229E0020 /* DailyBoard.swift */; };
		F6A9B00514DDA34B302994CB /* FooterView.swift in Sources */ = {isa = PBXBuildFile; fileRef = A1000028229E0028 /* FooterView.swift */; };
		F902E835C962D5F0BA173690 /* Sentry in Frameworks */ = {isa = PBXBuildFile; productRef = A1000051229E0051 /* Sentry */; };
		B1000301229E0301 /* GamePersistence.swift in Sources */ = {isa = PBXBuildFile; fileRef = B1000300229E0300 /* GamePersistence.swift */; };
		B1000302229E0302 /* GamePersistence.swift in Sources */ = {isa = PBXBuildFile; fileRef = B1000300229E0300 /* GamePersistence.swift */; };
		D1A2E824AE61CE4F458FB08A /* GameTimer.swift in Sources */ = {isa = PBXBuildFile; fileRef = 98646FF50DD548507DF79EFF /* GameTimer.swift */; };
		D2814D5EA96FB19EAC310DDC /* ShareTextGenerator.swift in Sources */ = {isa = PBXBuildFile; fileRef = 69E7024973DDFB0D12DA5C0B /* ShareTextGenerator.swift */; };
		D3BC0D03D616C4EDBC3F1A6C /* AccessibilityAnnouncer.swift in Sources */ = {isa = PBXBuildFile; fileRef = ADBC0D03C616C4EDBC3F1A6C /* AccessibilityAnnouncer.swift */; };
/* End PBXBuildFile section */

/* Begin PBXContainerItemProxy section */
		A100002B229E002B /* PBXContainerItemProxy */ = {
			isa = PBXContainerItemProxy;
			containerPortal = A1000013229E0013 /* Project object */;
			proxyType = 1;
			remoteGlobalIDString = A100000F229E000F;
			remoteInfo = MenuMines;
		};
/* End PBXContainerItemProxy section */

/* Begin PBXFileReference section */
		4F52D4F4F17DB0C6CB089578 /* MenuMinesDirect.app */ = {isa = PBXFileReference; explicitFileType = wrapper.application; includeInIndex = 0; path = MenuMinesDirect.app; sourceTree = BUILT_PRODUCTS_DIR; };
		69E7024973DDFB0D12DA5C0B /* ShareTextGenerator.swift */ = {isa = PBXFileReference; lastKnownFileType = sourcecode.swift; path = ShareTextGenerator.swift; sourceTree = "<group>"; };
		98646FF50DD548507DF79EFF /* GameTimer.swift */ = {isa = PBXFileReference; lastKnownFileType = sourcecode.swift; path = GameTimer.swift; sourceTree = "<group>"; };
		9E865C24732BA18B1DB15C88 /* Info-Direct.plist */ = {isa = PBXFileReference; lastKnownFileType = text.plist.xml; path = "Info-Direct.plist"; sourceTree = "<group>"; };
		A1000002229E0002 /* MenuMinesApp.swift */ = {isa = PBXFileReference; lastKnownFileType = sourcecode.swift; path = MenuMinesApp.swift; sourceTree = "<group>"; };
		A1000004229E0004 /* MenuContentView.swift */ = {isa = PBXFileReference; lastKnownFileType = sourcecode.swift; path = MenuContentView.swift; sourceTree = "<group>"; };
		A1000006229E0006 /* Assets.xcassets */ = {isa = PBXFileReference; lastKnownFileType = folder.assetcatalog; path = Assets.xcassets; sourceTree = "<group>"; };
		A1000007229E0007 /* MenuMines.app */ = {isa = PBXFileReference; explicitFileType = wrapper.application; includeInIndex = 0; path = MenuMines.app; sourceTree = BUILT_PRODUCTS_DIR; };
		A100001A229E001A /* Cell.swift */ = {isa = PBXFileReference; lastKnownFileType = sourcecode.swift; path = Cell.swift; sourceTree = "<group>"; };
		A100001C229E001C /* Board.swift */ = {isa = PBXFileReference; lastKnownFileType = sourcecode.swift; path = Board.swift; sourceTree = "<group>"; };
		A100001E229E001E /* GameState.swift */ = {isa = PBXFileReference; lastKnownFileType = sourcecode.swift; path = GameState.swift; sourceTree = "<group>"; };
		A1000020229E0020 /* DailyBoard.swift */ = {isa = PBXFileReference; lastKnownFileType = sourcecode.swift; path = DailyBoard.swift; sourceTree = "<group>"; };
		A1000022229E0022 /* CellView.swift */ = {isa = PBXFileReference; lastKnownFileType = sourcecode.swift; path = CellView.swift; sourceTree = "<group>"; };
		A1000024229E0024 /* GameBoardView.swift */ = {isa = PBXFileReference; lastKnownFileType = sourcecode.swift; path = GameBoardView.swift; sourceTree = "<group>"; };
		A1000026229E0026 /* HeaderView.swift */ = {isa = PBXFileReference; lastKnownFileType = sourcecode.swift; path = HeaderView.swift; sourceTree = "<group>"; };
		A1000028229E0028 /* FooterView.swift */ = {isa = PBXFileReference; lastKnownFileType = sourcecode.swift; path = FooterView.swift; sourceTree = "<group>"; };
		A100002C229E002C /* MenuMinesTests.xctest */ = {isa = PBXFileReference; explicitFileType = wrapper.cfbundle; includeInIndex = 0; path = MenuMinesTests.xctest; sourceTree = BUILT_PRODUCTS_DIR; };
		A100003E229E003E /* BoardTests.swift */ = {isa = PBXFileReference; lastKnownFileType = sourcecode.swift; path = BoardTests.swift; sourceTree = "<group>"; };
		A1000040229E0040 /* ConfettiView.swift */ = {isa = PBXFileReference; lastKnownFileType = sourcecode.swift; path = ConfettiView.swift; sourceTree = "<group>"; };
		A1000042229E0042 /* AboutWindow.swift */ = {isa = PBXFileReference; lastKnownFileType = sourcecode.swift; path = AboutWindow.swift; sourceTree = "<group>"; };
		A1000044229E0044 /* en */ = {isa = PBXFileReference; lastKnownFileType = text.plist.strings; name = en; path = en.lproj/Localizable.strings; sourceTree = "<group>"; };
		A1000061229E0061 /* SettingsView.swift */ = {isa = PBXFileReference; lastKnownFileType = sourcecode.swift; path = SettingsView.swift; sourceTree = "<group>"; };
		A1000063229E0063 /* MenuBarIconStateTests.swift */ = {isa = PBXFileReference; lastKnownFileType = sourcecode.swift; path = MenuBarIconStateTests.swift; sourceTree = "<group>"; };
		A1000065229E0065 /* DailyCompletionTests.swift */ = {isa = PBXFileReference; lastKnownFileType = sourcecode.swift; path = DailyCompletionTests.swift; sourceTree = "<group>"; };
		A1000071229E0071 /* MenuBarIconState.swift */ = {isa = PBXFileReference; lastKnownFileType = sourcecode.swift; path = MenuBarIconState.swift; sourceTree = "<group>"; };
		A1000081229E0081 /* GameResult.swift */ = {isa = PBXFileReference; lastKnownFileType = sourcecode.swift; path = GameResult.swift; sourceTree = "<group>"; };
		A1000083229E0083 /* StatsStore.swift */ = {isa = PBXFileReference; lastKnownFileType = sourcecode.swift; path = StatsStore.swift; sourceTree = "<group>"; };
		A1000085229E0085 /* StatsWindow.swift */ = {isa = PBXFileReference; lastKnownFileType = sourcecode.swift; path = StatsWindow.swift; sourceTree = "<group>"; };
		A1000087229E0087 /* StatsStoreTests.swift */ = {isa = PBXFileReference; lastKnownFileType = sourcecode.swift; path = StatsStoreTests.swift; sourceTree = "<group>"; };
		A1000089229E0089 /* SettingsTests.swift */ = {isa = PBXFileReference; lastKnownFileType = sourcecode.swift; path = SettingsTests.swift; sourceTree = "<group>"; };
		A100009B229E009B /* Constants.swift */ = {isa = PBXFileReference; lastKnownFileType = sourcecode.swift; path = Constants.swift; sourceTree = "<group>"; };
		A10001A1229E01A1 /* GameStateTestHelpers.swift */ = {isa = PBXFileReference; lastKnownFileType = sourcecode.swift; path = GameStateTestHelpers.swift; sourceTree = "<group>"; };
		A10001A3229E01A3 /* GameStateBasicTests.swift */ = {isa = PBXFileReference; lastKnownFileType = sourcecode.swift; path = GameStateBasicTests.swift; sourceTree = "<group>"; };
		A10001A5229E01A5 /* GameStateSelectionTests.swift */ = {isa = PBXFileReference; lastKnownFileType = sourcecode.swift; path = GameStateSelectionTests.swift; sourceTree = "<group>"; };
		A10001A7229E01A7 /* GameStateWinLoseTests.swift */ = {isa = PBXFileReference; lastKnownFileType = sourcecode.swift; path = GameStateWinLoseTests.swift; sourceTree = "<group>"; };
		A10001A9229E01A9 /* GameStateTimerTests.swift */ = {isa = PBXFileReference; lastKnownFileType = sourcecode.swift; path = GameStateTimerTests.swift; sourceTree = "<group>"; };
		A10001AB229E01AB /* GameStateChordRevealTests.swift */ = {isa = PBXFileReference; lastKnownFileType = sourcecode.swift; path = GameStateChordRevealTests.swift; sourceTree = "<group>"; };
		A10001AD229E01AD /* GameStateShareTests.swift */ = {isa = PBXFileReference; lastKnownFileType = sourcecode.swift; path = GameStateShareTests.swift; sourceTree = "<group>"; };
		A10001AF229E01AF /* GameStatePauseTests.swift */ = {isa = PBXFileReference; lastKnownFileType = sourcecode.swift; path = GameStatePauseTests.swift; sourceTree = "<group>"; };
		A10001B1229E01B1 /* GameStateCodableTests.swift */ = {isa = PBXFileReference; lastKnownFileType = sourcecode.swift; path = GameStateCodableTests.swift; sourceTree = "<group>"; };
		A10001B3229E01B3 /* GameStatePersistenceTests.swift */ = {isa = PBXFileReference; lastKnownFileType = sourcecode.swift; path = GameStatePersistenceTests.swift; sourceTree = "<group>"; };
		A10001C1229E01C1 /* PrivacyInfo.xcprivacy */ = {isa = PBXFileReference; lastKnownFileType = text.xml; path = PrivacyInfo.xcprivacy; sourceTree = "<group>"; };
		A1000210229E0210 /* UpdateManager.swift */ = {isa = PBXFileReference; lastKnownFileType = sourcecode.swift; path = UpdateManager.swift; sourceTree = "<group>"; };
		ADBC0D03C616C4EDBC3F1A6C /* AccessibilityAnnouncer.swift */ = {isa = PBXFileReference; lastKnownFileType = sourcecode.swift; path = AccessibilityAnnouncer.swift; sourceTree = "<group>"; };
		B1000300229E0300 /* GamePersistence.swift */ = {isa = PBXFileReference; lastKnownFileType = sourcecode.swift; path = GamePersistence.swift; sourceTree = "<group>"; };
/* End PBXFileReference section */

/* Begin PBXFrameworksBuildPhase section */
		9EE8152F4B8B2CFF4E68BE7F /* Frameworks */ = {
			isa = PBXFrameworksBuildPhase;
			buildActionMask = 2147483647;
			files = (
				F902E835C962D5F0BA173690 /* Sentry in Frameworks */,
				C8510E2FB3392D4D721AAF45 /* Sparkle in Frameworks */,
			);
			runOnlyForDeploymentPostprocessing = 0;
		};
		A1000008229E0008 /* Frameworks */ = {
			isa = PBXFrameworksBuildPhase;
			buildActionMask = 2147483647;
			files = (
				A1000050229E0050 /* Sentry in Frameworks */,
			);
			runOnlyForDeploymentPostprocessing = 0;
		};
		A100002D229E002D /* Frameworks */ = {
			isa = PBXFrameworksBuildPhase;
			buildActionMask = 2147483647;
			files = (
			);
			runOnlyForDeploymentPostprocessing = 0;
		};
/* End PBXFrameworksBuildPhase section */

/* Begin PBXGroup section */
		A1000009229E0009 = {
			isa = PBXGroup;
			children = (
				A100000A229E000A /* MenuMines */,
				A100002E229E002E /* MenuMinesTests */,
				A100000B229E000B /* Products */,
			);
			sourceTree = "<group>";
		};
		A100000A229E000A /* MenuMines */ = {
			isa = PBXGroup;
			children = (
				A1000002229E0002 /* MenuMinesApp.swift */,
				A100009B229E009B /* Constants.swift */,
				A1000210229E0210 /* UpdateManager.swift */,
				9E865C24732BA18B1DB15C88 /* Info-Direct.plist */,
				A10001C1229E01C1 /* PrivacyInfo.xcprivacy */,
				A100000C229E000C /* Views */,
				A100000D229E000D /* Models */,
				A100000E229E000E /* Resources */,
			);
			path = MenuMines;
			sourceTree = "<group>";
		};
		A100000B229E000B /* Products */ = {
			isa = PBXGroup;
			children = (
				A1000007229E0007 /* MenuMines.app */,
				4F52D4F4F17DB0C6CB089578 /* MenuMinesDirect.app */,
				A100002C229E002C /* MenuMinesTests.xctest */,
			);
			name = Products;
			sourceTree = "<group>";
		};
		A100000C229E000C /* Views */ = {
			isa = PBXGroup;
			children = (
				A1000004229E0004 /* MenuContentView.swift */,
				A1000022229E0022 /* CellView.swift */,
				A1000024229E0024 /* GameBoardView.swift */,
				A1000026229E0026 /* HeaderView.swift */,
				A1000028229E0028 /* FooterView.swift */,
				A1000040229E0040 /* ConfettiView.swift */,
				A1000042229E0042 /* AboutWindow.swift */,
				A1000061229E0061 /* SettingsView.swift */,
				A1000085229E0085 /* StatsWindow.swift */,
			);
			path = Views;
			sourceTree = "<group>";
		};
		A100000D229E000D /* Models */ = {
			isa = PBXGroup;
			children = (
				A100001A229E001A /* Cell.swift */,
				A100001C229E001C /* Board.swift */,
				A100001E229E001E /* GameState.swift */,
				B1000300229E0300 /* GamePersistence.swift */,
				A1000020229E0020 /* DailyBoard.swift */,
				A1000081229E0081 /* GameResult.swift */,
				A1000071229E0071 /* MenuBarIconState.swift */,
				A1000083229E0083 /* StatsStore.swift */,
				98646FF50DD548507DF79EFF /* GameTimer.swift */,
				69E7024973DDFB0D12DA5C0B /* ShareTextGenerator.swift */,
				ADBC0D03C616C4EDBC3F1A6C /* AccessibilityAnnouncer.swift */,
			);
			path = Models;
			sourceTree = "<group>";
		};
		A100000E229E000E /* Resources */ = {
			isa = PBXGroup;
			children = (
				A1000006229E0006 /* Assets.xcassets */,
				A1000043229E0043 /* Localizable.strings */,
			);
			path = Resources;
			sourceTree = "<group>";
		};
		A100002E229E002E /* MenuMinesTests */ = {
			isa = PBXGroup;
			children = (
				A10001A1229E01A1 /* GameStateTestHelpers.swift */,
				A10001A3229E01A3 /* GameStateBasicTests.swift */,
				A10001A5229E01A5 /* GameStateSelectionTests.swift */,
				A10001A7229E01A7 /* GameStateWinLoseTests.swift */,
				A10001A9229E01A9 /* GameStateTimerTests.swift */,
				A10001AB229E01AB /* GameStateChordRevealTests.swift */,
				A10001AD229E01AD /* GameStateShareTests.swift */,
				A10001AF229E01AF /* GameStatePauseTests.swift */,
				A10001B1229E01B1 /* GameStateCodableTests.swift */,
				A10001B3229E01B3 /* GameStatePersistenceTests.swift */,
				A100003E229E003E /* BoardTests.swift */,
				A1000063229E0063 /* MenuBarIconStateTests.swift */,
				A1000065229E0065 /* DailyCompletionTests.swift */,
				A1000087229E0087 /* StatsStoreTests.swift */,
				A1000089229E0089 /* SettingsTests.swift */,
			);
			path = MenuMinesTests;
			sourceTree = "<group>";
		};
/* End PBXGroup section */

/* Begin PBXNativeTarget section */
		A100000F229E000F /* MenuMines */ = {
			isa = PBXNativeTarget;
			buildConfigurationList = A1000010229E0010 /* Build configuration list for PBXNativeTarget "MenuMines" */;
			buildPhases = (
				A1000011229E0011 /* Sources */,
				A1000008229E0008 /* Frameworks */,
				A1000012229E0012 /* Resources */,
			);
			buildRules = (
			);
			dependencies = (
			);
			name = MenuMines;
			packageProductDependencies = (
				A1000051229E0051 /* Sentry */,
			);
			productName = MenuMines;
			productReference = A1000007229E0007 /* MenuMines.app */;
			productType = "com.apple.product-type.application";
		};
		A100002F229E002F /* MenuMinesTests */ = {
			isa = PBXNativeTarget;
			buildConfigurationList = A1000030229E0030 /* Build configuration list for PBXNativeTarget "MenuMinesTests" */;
			buildPhases = (
				A1000031229E0031 /* Sources */,
				A100002D229E002D /* Frameworks */,
				A1000032229E0032 /* Resources */,
			);
			buildRules = (
			);
			dependencies = (
				A1000033229E0033 /* PBXTargetDependency */,
			);
			name = MenuMinesTests;
			productName = MenuMinesTests;
			productReference = A100002C229E002C /* MenuMinesTests.xctest */;
			productType = "com.apple.product-type.bundle.unit-test";
		};
		AA38618B4B928DB1C297A974 /* MenuMinesDirect */ = {
			isa = PBXNativeTarget;
			buildConfigurationList = B9442F0769C5A52820062E92 /* Build configuration list for PBXNativeTarget "MenuMinesDirect" */;
			buildPhases = (
				F55F9D9EAAB50EEFD18F7E6B /* Sources */,
				9EE8152F4B8B2CFF4E68BE7F /* Frameworks */,
				659EF83CF83D0889F7E7695E /* Resources */,
			);
			buildRules = (
			);
			dependencies = (
			);
			name = MenuMinesDirect;
			packageProductDependencies = (
				A1000051229E0051 /* Sentry */,
				A1000054229E0054 /* Sparkle */,
			);
			productName = MenuMinesDirect;
			productReference = 4F52D4F4F17DB0C6CB089578 /* MenuMinesDirect.app */;
			productType = "com.apple.product-type.application";
		};
/* End PBXNativeTarget section */

/* Begin PBXProject section */
		A1000013229E0013 /* Project object */ = {
			isa = PBXProject;
			attributes = {
				BuildIndependentTargetsInParallel = 1;
				LastSwiftUpdateCheck = 1500;
				LastUpgradeCheck = 1500;
				TargetAttributes = {
					A100000F229E000F = {
						CreatedOnToolsVersion = 15.0;
						SystemCapabilities = {
							com.apple.GameCenter = {
								enabled = 1;
							};
						};
					};
					A100002F229E002F = {
						CreatedOnToolsVersion = 15.0;
						TestTargetID = A100000F229E000F;
					};
					AA38618B4B928DB1C297A974 = {
						CreatedOnToolsVersion = 15.0;
					};
				};
			};
			buildConfigurationList = A1000014229E0014 /* Build configuration list for PBXProject "MenuMines" */;
			compatibilityVersion = "Xcode 14.0";
			developmentRegion = en;
			hasScannedForEncodings = 0;
			knownRegions = (
				en,
				Base,
			);
			mainGroup = A1000009229E0009;
			packageReferences = (
				A1000052229E0052 /* XCRemoteSwiftPackageReference "sentry-cocoa" */,
				A1000053229E0053 /* XCRemoteSwiftPackageReference "Sparkle" */,
			);
			productRefGroup = A100000B229E000B /* Products */;
			projectDirPath = "";
			projectRoot = "";
			targets = (
				A100000F229E000F /* MenuMines */,
				AA38618B4B928DB1C297A974 /* MenuMinesDirect */,
				A100002F229E002F /* MenuMinesTests */,
			);
		};
/* End PBXProject section */

/* Begin PBXResourcesBuildPhase section */
		659EF83CF83D0889F7E7695E /* Resources */ = {
			isa = PBXResourcesBuildPhase;
			buildActionMask = 2147483647;
			files = (
				45A72912B6FD53A73F0C12B8 /* Assets.xcassets in Resources */,
				1386B88ACDED0641786C4D8A /* Localizable.strings in Resources */,
				C025A855A60908A57B9EA2B7 /* PrivacyInfo.xcprivacy in Resources */,
			);
			runOnlyForDeploymentPostprocessing = 0;
		};
		A1000012229E0012 /* Resources */ = {
			isa = PBXResourcesBuildPhase;
			buildActionMask = 2147483647;
			files = (
				A1000005229E0005 /* Assets.xcassets in Resources */,
				A1000045229E0045 /* Localizable.strings in Resources */,
				A10001C0229E01C0 /* PrivacyInfo.xcprivacy in Resources */,
			);
			runOnlyForDeploymentPostprocessing = 0;
		};
		A1000032229E0032 /* Resources */ = {
			isa = PBXResourcesBuildPhase;
			buildActionMask = 2147483647;
			files = (
			);
			runOnlyForDeploymentPostprocessing = 0;
		};
/* End PBXResourcesBuildPhase section */

/* Begin PBXSourcesBuildPhase section */
		A1000011229E0011 /* Sources */ = {
			isa = PBXSourcesBuildPhase;
			buildActionMask = 2147483647;
			files = (
				A1000001229E0001 /* MenuMinesApp.swift in Sources */,
				A100009A229E009A /* Constants.swift in Sources */,
				A1000003229E0003 /* MenuContentView.swift in Sources */,
				A1000019229E0019 /* Cell.swift in Sources */,
				A100001B229E001B /* Board.swift in Sources */,
				A100001D229E001D /* GameState.swift in Sources */,
				B1000301229E0301 /* GamePersistence.swift in Sources */,
				A100001F229E001F /* DailyBoard.swift in Sources */,
				A1000080229E0080 /* GameResult.swift in Sources */,
				A1000070229E0070 /* MenuBarIconState.swift in Sources */,
				A1000082229E0082 /* StatsStore.swift in Sources */,
				A1000021229E0021 /* CellView.swift in Sources */,
				A1000023229E0023 /* GameBoardView.swift in Sources */,
				A1000025229E0025 /* HeaderView.swift in Sources */,
				A1000027229E0027 /* FooterView.swift in Sources */,
				A100003F229E003F /* ConfettiView.swift in Sources */,
				A1000041229E0041 /* AboutWindow.swift in Sources */,
				A1000060229E0060 /* SettingsView.swift in Sources */,
				A1000084229E0084 /* StatsWindow.swift in Sources */,
				A1000211229E0211 /* UpdateManager.swift in Sources */,
				C1A2E8249E61CE4F458FB08A /* GameTimer.swift in Sources */,
				77814D5E996FB19EAC310DDC /* ShareTextGenerator.swift in Sources */,
				79B32F9AB74D435C11D6CAA2 /* AccessibilityAnnouncer.swift in Sources */,
			);
			runOnlyForDeploymentPostprocessing = 0;
		};
		A1000031229E0031 /* Sources */ = {
			isa = PBXSourcesBuildPhase;
			buildActionMask = 2147483647;
			files = (
				A10001A0229E01A0 /* GameStateTestHelpers.swift in Sources */,
				A10001A2229E01A2 /* GameStateBasicTests.swift in Sources */,
				A10001A4229E01A4 /* GameStateSelectionTests.swift in Sources */,
				A10001A6229E01A6 /* GameStateWinLoseTests.swift in Sources */,
				A10001A8229E01A8 /* GameStateTimerTests.swift in Sources */,
				A10001AA229E01AA /* GameStateChordRevealTests.swift in Sources */,
				A10001AC229E01AC /* GameStateShareTests.swift in Sources */,
				A10001AE229E01AE /* GameStatePauseTests.swift in Sources */,
				A10001B0229E01B0 /* GameStateCodableTests.swift in Sources */,
				A10001B2229E01B2 /* GameStatePersistenceTests.swift in Sources */,
				A100003D229E003D /* BoardTests.swift in Sources */,
				A1000062229E0062 /* MenuBarIconStateTests.swift in Sources */,
				A1000064229E0064 /* DailyCompletionTests.swift in Sources */,
				A1000086229E0086 /* StatsStoreTests.swift in Sources */,
				A1000088229E0088 /* SettingsTests.swift in Sources */,
			);
			runOnlyForDeploymentPostprocessing = 0;
		};
		F55F9D9EAAB50EEFD18F7E6B /* Sources */ = {
			isa = PBXSourcesBuildPhase;
			buildActionMask = 2147483647;
			files = (
				0F68E64C3165091121DCAE48 /* MenuMinesApp.swift in Sources */,
				6B961CC5DBBCDD066107D8BA /* Constants.swift in Sources */,
				6FFC1BBBD7193BD1213415D4 /* MenuContentView.swift in Sources */,
				0AC57C4436544784BE0A0B2E /* Cell.swift in Sources */,
				7318CF5C5241562104D235AD /* Board.swift in Sources */,
				219A5CF7F2A69EF871B71E2C /* GameState.swift in Sources */,
				B1000302229E0302 /* GamePersistence.swift in Sources */,
				ED2D6D9B294CBD70425A29F2 /* DailyBoard.swift in Sources */,
				E8041408A3156729C177A080 /* GameResult.swift in Sources */,
				7B6F917CBF187910503D305C /* MenuBarIconState.swift in Sources */,
				2543E589DC0E74C44F7D2A0D /* StatsStore.swift in Sources */,
				34103414FF5D2B975D24A5CA /* CellView.swift in Sources */,
				55595706A38B9DA60CF373DA /* GameBoardView.swift in Sources */,
				56AB90C03535B7B699ABDC7E /* HeaderView.swift in Sources */,
				F6A9B00514DDA34B302994CB /* FooterView.swift in Sources */,
				E04DF0A7CE1D3F4F171D58C0 /* ConfettiView.swift in Sources */,
				DFDC43CE73E73FAFE5F0271D /* AboutWindow.swift in Sources */,
				BDEDFA31900C31F86AB3C009 /* SettingsView.swift in Sources */,
				C34F31163447957155669BA1 /* StatsWindow.swift in Sources */,
				93730F02D86DC62DE56DCEA4 /* UpdateManager.swift in Sources */,
				D1A2E824AE61CE4F458FB08A /* GameTimer.swift in Sources */,
				D2814D5EA96FB19EAC310DDC /* ShareTextGenerator.swift in Sources */,
				D3BC0D03D616C4EDBC3F1A6C /* AccessibilityAnnouncer.swift in Sources */,
			);
			runOnlyForDeploymentPostprocessing = 0;
		};
/* End PBXSourcesBuildPhase section */

/* Begin PBXTargetDependency section */
		A1000033229E0033 /* PBXTargetDependency */ = {
			isa = PBXTargetDependency;
			target = A100000F229E000F /* MenuMines */;
			targetProxy = A100002B229E002B /* PBXContainerItemProxy */;
		};
/* End PBXTargetDependency section */

/* Begin PBXVariantGroup section */
		A1000043229E0043 /* Localizable.strings */ = {
			isa = PBXVariantGroup;
			children = (
				A1000044229E0044 /* en */,
			);
			name = Localizable.strings;
			sourceTree = "<group>";
		};
/* End PBXVariantGroup section */

/* Begin XCBuildConfiguration section */
		A1000015229E0015 /* Debug */ = {
			isa = XCBuildConfiguration;
			buildSettings = {
				ALWAYS_SEARCH_USER_PATHS = NO;
				ASSETCATALOG_COMPILER_GENERATE_SWIFT_ASSET_SYMBOL_EXTENSIONS = YES;
				CLANG_ANALYZER_NONNULL = YES;
				CLANG_ANALYZER_NUMBER_OBJECT_CONVERSION = YES_AGGRESSIVE;
				CLANG_CXX_LANGUAGE_STANDARD = "gnu++20";
				CLANG_ENABLE_MODULES = YES;
				CLANG_ENABLE_OBJC_ARC = YES;
				CLANG_ENABLE_OBJC_WEAK = YES;
				CLANG_WARN_BLOCK_CAPTURE_AUTORELEASING = YES;
				CLANG_WARN_BOOL_CONVERSION = YES;
				CLANG_WARN_COMMA = YES;
				CLANG_WARN_CONSTANT_CONVERSION = YES;
				CLANG_WARN_DEPRECATED_OBJC_IMPLEMENTATIONS = YES;
				CLANG_WARN_DIRECT_OBJC_ISA_USAGE = YES_ERROR;
				CLANG_WARN_DOCUMENTATION_COMMENTS = YES;
				CLANG_WARN_EMPTY_BODY = YES;
				CLANG_WARN_ENUM_CONVERSION = YES;
				CLANG_WARN_INFINITE_RECURSION = YES;
				CLANG_WARN_INT_CONVERSION = YES;
				CLANG_WARN_NON_LITERAL_NULL_CONVERSION = YES;
				CLANG_WARN_OBJC_IMPLICIT_RETAIN_SELF = YES;
				CLANG_WARN_OBJC_LITERAL_CONVERSION = YES;
				CLANG_WARN_OBJC_ROOT_CLASS = YES_ERROR;
				CLANG_WARN_QUOTED_INCLUDE_IN_FRAMEWORK_HEADER = YES;
				CLANG_WARN_RANGE_LOOP_ANALYSIS = YES;
				CLANG_WARN_STRICT_PROTOTYPES = YES;
				CLANG_WARN_SUSPICIOUS_MOVE = YES;
				CLANG_WARN_UNGUARDED_AVAILABILITY = YES_AGGRESSIVE;
				CLANG_WARN_UNREACHABLE_CODE = YES;
				CLANG_WARN__DUPLICATE_METHOD_MATCH = YES;
				COPY_PHASE_STRIP = NO;
				DEBUG_INFORMATION_FORMAT = dwarf;
				ENABLE_STRICT_OBJC_MSGSEND = YES;
				ENABLE_TESTABILITY = YES;
				ENABLE_USER_SCRIPT_SANDBOXING = YES;
				GCC_C_LANGUAGE_STANDARD = gnu17;
				GCC_DYNAMIC_NO_PIC = NO;
				GCC_NO_COMMON_BLOCKS = YES;
				GCC_OPTIMIZATION_LEVEL = 0;
				GCC_PREPROCESSOR_DEFINITIONS = (
					"DEBUG=1",
					"$(inherited)",
				);
				GCC_WARN_64_TO_32_BIT_CONVERSION = YES;
				GCC_WARN_ABOUT_RETURN_TYPE = YES_ERROR;
				GCC_WARN_UNDECLARED_SELECTOR = YES;
				GCC_WARN_UNINITIALIZED_AUTOS = YES_AGGRESSIVE;
				GCC_WARN_UNUSED_FUNCTION = YES;
				GCC_WARN_UNUSED_VARIABLE = YES;
				MACOSX_DEPLOYMENT_TARGET = 14.0;
				MTL_ENABLE_DEBUG_INFO = INCLUDE_SOURCE;
				MTL_FAST_MATH = YES;
				ONLY_ACTIVE_ARCH = YES;
				SDKROOT = macosx;
				SWIFT_ACTIVE_COMPILATION_CONDITIONS = "DEBUG $(inherited)";
				SWIFT_OPTIMIZATION_LEVEL = "-Onone";
			};
			name = Debug;
		};
		A1000016229E0016 /* Release */ = {
			isa = XCBuildConfiguration;
			buildSettings = {
				ALWAYS_SEARCH_USER_PATHS = NO;
				ASSETCATALOG_COMPILER_GENERATE_SWIFT_ASSET_SYMBOL_EXTENSIONS = YES;
				CLANG_ANALYZER_NONNULL = YES;
				CLANG_ANALYZER_NUMBER_OBJECT_CONVERSION = YES_AGGRESSIVE;
				CLANG_CXX_LANGUAGE_STANDARD = "gnu++20";
				CLANG_ENABLE_MODULES = YES;
				CLANG_ENABLE_OBJC_ARC = YES;
				CLANG_ENABLE_OBJC_WEAK = YES;
				CLANG_WARN_BLOCK_CAPTURE_AUTORELEASING = YES;
				CLANG_WARN_BOOL_CONVERSION = YES;
				CLANG_WARN_COMMA = YES;
				CLANG_WARN_CONSTANT_CONVERSION = YES;
				CLANG_WARN_DEPRECATED_OBJC_IMPLEMENTATIONS = YES;
				CLANG_WARN_DIRECT_OBJC_ISA_USAGE = YES_ERROR;
				CLANG_WARN_DOCUMENTATION_COMMENTS = YES;
				CLANG_WARN_EMPTY_BODY = YES;
				CLANG_WARN_ENUM_CONVERSION = YES;
				CLANG_WARN_INFINITE_RECURSION = YES;
				CLANG_WARN_INT_CONVERSION = YES;
				CLANG_WARN_NON_LITERAL_NULL_CONVERSION = YES;
				CLANG_WARN_OBJC_IMPLICIT_RETAIN_SELF = YES;
				CLANG_WARN_OBJC_LITERAL_CONVERSION = YES;
				CLANG_WARN_OBJC_ROOT_CLASS = YES_ERROR;
				CLANG_WARN_QUOTED_INCLUDE_IN_FRAMEWORK_HEADER = YES;
				CLANG_WARN_RANGE_LOOP_ANALYSIS = YES;
				CLANG_WARN_STRICT_PROTOTYPES = YES;
				CLANG_WARN_SUSPICIOUS_MOVE = YES;
				CLANG_WARN_UNGUARDED_AVAILABILITY = YES_AGGRESSIVE;
				CLANG_WARN_UNREACHABLE_CODE = YES;
				CLANG_WARN__DUPLICATE_METHOD_MATCH = YES;
				COPY_PHASE_STRIP = NO;
				DEBUG_INFORMATION_FORMAT = "dwarf-with-dsym";
				ENABLE_NS_ASSERTIONS = NO;
				ENABLE_STRICT_OBJC_MSGSEND = YES;
				ENABLE_USER_SCRIPT_SANDBOXING = YES;
				GCC_C_LANGUAGE_STANDARD = gnu17;
				GCC_NO_COMMON_BLOCKS = YES;
				GCC_WARN_64_TO_32_BIT_CONVERSION = YES;
				GCC_WARN_ABOUT_RETURN_TYPE = YES_ERROR;
				GCC_WARN_UNDECLARED_SELECTOR = YES;
				GCC_WARN_UNINITIALIZED_AUTOS = YES_AGGRESSIVE;
				GCC_WARN_UNUSED_FUNCTION = YES;
				GCC_WARN_UNUSED_VARIABLE = YES;
				MACOSX_DEPLOYMENT_TARGET = 14.0;
				MTL_ENABLE_DEBUG_INFO = NO;
				MTL_FAST_MATH = YES;
				SDKROOT = macosx;
				SWIFT_COMPILATION_MODE = wholemodule;
			};
			name = Release;
		};
		A1000017229E0017 /* Debug */ = {
			isa = XCBuildConfiguration;
			buildSettings = {
				ASSETCATALOG_COMPILER_APPICON_NAME = AppIcon;
				ASSETCATALOG_COMPILER_GLOBAL_ACCENT_COLOR_NAME = AccentColor;
				ASSETCATALOG_COMPILER_INCLUDE_ALL_APPICON_ASSETS = YES;
				CODE_SIGN_ENTITLEMENTS = MenuMines/MenuMines.entitlements;
				CODE_SIGN_STYLE = Automatic;
				COMBINE_HIDPI_IMAGES = YES;
				CURRENT_PROJECT_VERSION = 1;
				DEVELOPMENT_ASSET_PATHS = "";
				DEVELOPMENT_TEAM = 8G4H6268W7;
				ENABLE_HARDENED_RUNTIME = YES;
				ENABLE_PREVIEWS = YES;
				GENERATE_INFOPLIST_FILE = YES;
				INFOPLIST_FILE = MenuMines/Info.plist;
				INFOPLIST_KEY_CFBundleDisplayName = MenuMines;
				INFOPLIST_KEY_LSApplicationCategoryType = "public.app-category.utilities";
				INFOPLIST_KEY_LSUIElement = YES;
				INFOPLIST_KEY_NSHumanReadableCopyright = "Copyright © 2026 MeriMeriMeri Software. All rights reserved.";
				LD_RUNPATH_SEARCH_PATHS = (
					"$(inherited)",
					"@executable_path/../Frameworks",
				);
				MARKETING_VERSION = 1.0;
				PRODUCT_BUNDLE_IDENTIFIER = com.merimerimeri.MenuMines;
				PRODUCT_NAME = "$(TARGET_NAME)";
				SENTRY_DSN = "";
				SWIFT_EMIT_LOC_STRINGS = YES;
				SWIFT_VERSION = 5.0;
			};
			name = Debug;
		};
		A1000018229E0018 /* Release */ = {
			isa = XCBuildConfiguration;
			buildSettings = {
				ASSETCATALOG_COMPILER_APPICON_NAME = AppIcon;
				ASSETCATALOG_COMPILER_GLOBAL_ACCENT_COLOR_NAME = AccentColor;
				ASSETCATALOG_COMPILER_INCLUDE_ALL_APPICON_ASSETS = YES;
				CODE_SIGN_ENTITLEMENTS = MenuMines/MenuMines.entitlements;
				CODE_SIGN_STYLE = Automatic;
				COMBINE_HIDPI_IMAGES = YES;
				CURRENT_PROJECT_VERSION = 1;
				DEVELOPMENT_ASSET_PATHS = "";
				DEVELOPMENT_TEAM = 8G4H6268W7;
				ENABLE_HARDENED_RUNTIME = YES;
				ENABLE_PREVIEWS = YES;
				GENERATE_INFOPLIST_FILE = YES;
				INFOPLIST_FILE = MenuMines/Info.plist;
				INFOPLIST_KEY_CFBundleDisplayName = MenuMines;
				INFOPLIST_KEY_LSApplicationCategoryType = "public.app-category.utilities";
				INFOPLIST_KEY_LSUIElement = YES;
				INFOPLIST_KEY_NSHumanReadableCopyright = "Copyright © 2026 MeriMeriMeri Software. All rights reserved.";
				LD_RUNPATH_SEARCH_PATHS = (
					"$(inherited)",
					"@executable_path/../Frameworks",
				);
				MARKETING_VERSION = 1.0;
				PRODUCT_BUNDLE_IDENTIFIER = com.merimerimeri.MenuMines;
				PRODUCT_NAME = "$(TARGET_NAME)";
				SENTRY_DSN = "";
				SWIFT_EMIT_LOC_STRINGS = YES;
				SWIFT_VERSION = 5.0;
			};
			name = Release;
		};
		A1000034229E0034 /* Debug */ = {
			isa = XCBuildConfiguration;
			buildSettings = {
				BUNDLE_LOADER = "$(TEST_HOST)";
				CODE_SIGN_STYLE = Automatic;
				CURRENT_PROJECT_VERSION = 1;
				GENERATE_INFOPLIST_FILE = YES;
				MACOSX_DEPLOYMENT_TARGET = 14.0;
				MARKETING_VERSION = 1.0;
				PRODUCT_BUNDLE_IDENTIFIER = com.merimerimeri.MenuMinesTests;
				PRODUCT_NAME = "$(TARGET_NAME)";
				SWIFT_EMIT_LOC_STRINGS = NO;
				SWIFT_VERSION = 5.0;
				TEST_HOST = "$(BUILT_PRODUCTS_DIR)/MenuMines.app/Contents/MacOS/MenuMines";
			};
			name = Debug;
		};
		A1000035229E0035 /* Release */ = {
			isa = XCBuildConfiguration;
			buildSettings = {
				BUNDLE_LOADER = "$(TEST_HOST)";
				CODE_SIGN_STYLE = Automatic;
				CURRENT_PROJECT_VERSION = 1;
				GENERATE_INFOPLIST_FILE = YES;
				MACOSX_DEPLOYMENT_TARGET = 14.0;
				MARKETING_VERSION = 1.0;
				PRODUCT_BUNDLE_IDENTIFIER = com.merimerimeri.MenuMinesTests;
				PRODUCT_NAME = "$(TARGET_NAME)";
				SWIFT_EMIT_LOC_STRINGS = NO;
				SWIFT_VERSION = 5.0;
				TEST_HOST = "$(BUILT_PRODUCTS_DIR)/MenuMines.app/Contents/MacOS/MenuMines";
			};
			name = Release;
		};
		A1000200229E0200 /* Release-Direct */ = {
			isa = XCBuildConfiguration;
			buildSettings = {
				ALWAYS_SEARCH_USER_PATHS = NO;
				ASSETCATALOG_COMPILER_GENERATE_SWIFT_ASSET_SYMBOL_EXTENSIONS = YES;
				CLANG_ANALYZER_NONNULL = YES;
				CLANG_ANALYZER_NUMBER_OBJECT_CONVERSION = YES_AGGRESSIVE;
				CLANG_CXX_LANGUAGE_STANDARD = "gnu++20";
				CLANG_ENABLE_MODULES = YES;
				CLANG_ENABLE_OBJC_ARC = YES;
				CLANG_ENABLE_OBJC_WEAK = YES;
				CLANG_WARN_BLOCK_CAPTURE_AUTORELEASING = YES;
				CLANG_WARN_BOOL_CONVERSION = YES;
				CLANG_WARN_COMMA = YES;
				CLANG_WARN_CONSTANT_CONVERSION = YES;
				CLANG_WARN_DEPRECATED_OBJC_IMPLEMENTATIONS = YES;
				CLANG_WARN_DIRECT_OBJC_ISA_USAGE = YES_ERROR;
				CLANG_WARN_DOCUMENTATION_COMMENTS = YES;
				CLANG_WARN_EMPTY_BODY = YES;
				CLANG_WARN_ENUM_CONVERSION = YES;
				CLANG_WARN_INFINITE_RECURSION = YES;
				CLANG_WARN_INT_CONVERSION = YES;
				CLANG_WARN_NON_LITERAL_NULL_CONVERSION = YES;
				CLANG_WARN_OBJC_IMPLICIT_RETAIN_SELF = YES;
				CLANG_WARN_OBJC_LITERAL_CONVERSION = YES;
				CLANG_WARN_OBJC_ROOT_CLASS = YES_ERROR;
				CLANG_WARN_QUOTED_INCLUDE_IN_FRAMEWORK_HEADER = YES;
				CLANG_WARN_RANGE_LOOP_ANALYSIS = YES;
				CLANG_WARN_STRICT_PROTOTYPES = YES;
				CLANG_WARN_SUSPICIOUS_MOVE = YES;
				CLANG_WARN_UNGUARDED_AVAILABILITY = YES_AGGRESSIVE;
				CLANG_WARN_UNREACHABLE_CODE = YES;
				CLANG_WARN__DUPLICATE_METHOD_MATCH = YES;
				COPY_PHASE_STRIP = NO;
				DEBUG_INFORMATION_FORMAT = "dwarf-with-dsym";
				ENABLE_NS_ASSERTIONS = NO;
				ENABLE_STRICT_OBJC_MSGSEND = YES;
				ENABLE_USER_SCRIPT_SANDBOXING = YES;
				GCC_C_LANGUAGE_STANDARD = gnu17;
				GCC_NO_COMMON_BLOCKS = YES;
				GCC_WARN_64_TO_32_BIT_CONVERSION = YES;
				GCC_WARN_ABOUT_RETURN_TYPE = YES_ERROR;
				GCC_WARN_UNDECLARED_SELECTOR = YES;
				GCC_WARN_UNINITIALIZED_AUTOS = YES_AGGRESSIVE;
				GCC_WARN_UNUSED_FUNCTION = YES;
				GCC_WARN_UNUSED_VARIABLE = YES;
				MACOSX_DEPLOYMENT_TARGET = 14.0;
				MTL_ENABLE_DEBUG_INFO = NO;
				MTL_FAST_MATH = YES;
				SDKROOT = macosx;
				SWIFT_COMPILATION_MODE = wholemodule;
			};
			name = "Release-Direct";
		};
		A1000201229E0201 /* Release-Direct */ = {
			isa = XCBuildConfiguration;
			buildSettings = {
				ASSETCATALOG_COMPILER_APPICON_NAME = AppIcon;
				ASSETCATALOG_COMPILER_GLOBAL_ACCENT_COLOR_NAME = AccentColor;
				ASSETCATALOG_COMPILER_INCLUDE_ALL_APPICON_ASSETS = YES;
				CODE_SIGN_ENTITLEMENTS = "MenuMines/MenuMines-Direct.entitlements";
				CODE_SIGN_IDENTITY = "Apple Development";
				CODE_SIGN_STYLE = Automatic;
				COMBINE_HIDPI_IMAGES = YES;
				CURRENT_PROJECT_VERSION = 1;
				DEVELOPMENT_ASSET_PATHS = "";
				DEVELOPMENT_TEAM = "";
				ENABLE_HARDENED_RUNTIME = YES;
				ENABLE_PREVIEWS = YES;
				GENERATE_INFOPLIST_FILE = YES;
				INFOPLIST_FILE = "MenuMines/Info-Direct.plist";
				INFOPLIST_KEY_CFBundleDisplayName = MenuMines;
				INFOPLIST_KEY_LSApplicationCategoryType = "public.app-category.utilities";
				INFOPLIST_KEY_LSUIElement = YES;
				INFOPLIST_KEY_NSHumanReadableCopyright = "Copyright © 2026 MeriMeriMeri Software. All rights reserved.";
				LD_RUNPATH_SEARCH_PATHS = (
					"$(inherited)",
					"@executable_path/../Frameworks",
				);
				MARKETING_VERSION = 1.0;
				PRODUCT_BUNDLE_IDENTIFIER = com.merimerimeri.MenuMines;
				PRODUCT_NAME = "$(TARGET_NAME)";
				PROVISIONING_PROFILE_SPECIFIER = "";
				SENTRY_DSN = "$(SENTRY_DSN)";
				SPARKLE_PUBLIC_ED_KEY = "$(SPARKLE_PUBLIC_ED_KEY)";
				SWIFT_ACTIVE_COMPILATION_CONDITIONS = "SPARKLE_ENABLED $(inherited)";
				SWIFT_EMIT_LOC_STRINGS = YES;
				SWIFT_VERSION = 5.0;
			};
			name = "Release-Direct";
		};
		A1000202229E0202 /* Release-Direct */ = {
			isa = XCBuildConfiguration;
			buildSettings = {
				BUNDLE_LOADER = "$(TEST_HOST)";
				CODE_SIGN_STYLE = Automatic;
				CURRENT_PROJECT_VERSION = 1;
				GENERATE_INFOPLIST_FILE = YES;
				MACOSX_DEPLOYMENT_TARGET = 14.0;
				MARKETING_VERSION = 1.0;
				PRODUCT_BUNDLE_IDENTIFIER = com.merimerimeri.MenuMinesTests;
				PRODUCT_NAME = "$(TARGET_NAME)";
				SWIFT_EMIT_LOC_STRINGS = NO;
				SWIFT_VERSION = 5.0;
				TEST_HOST = "$(BUILT_PRODUCTS_DIR)/MenuMines.app/Contents/MacOS/MenuMines";
			};
			name = "Release-Direct";
		};
		CC228F492F2D90E500479B7E /* Release-Direct */ = {
			isa = XCBuildConfiguration;
			buildSettings = {
				CODE_SIGN_IDENTITY = "Apple Development";
				CODE_SIGN_STYLE = Automatic;
				DEVELOPMENT_TEAM = 8G4H6268W7;
				PRODUCT_BUNDLE_IDENTIFIER = com.merimerimeri.MenuMines;
				PRODUCT_NAME = MenuMines;
				PROVISIONING_PROFILE_SPECIFIER = "";
			};
			name = "Release-Direct";
		};
		CC228F4A2F2D90E500479B7E /* Debug */ = {
			isa = XCBuildConfiguration;
			buildSettings = {
				CODE_SIGN_IDENTITY = "Apple Development";
				CODE_SIGN_STYLE = Automatic;
				COPY_PHASE_STRIP = NO;
				DEVELOPMENT_TEAM = 8G4H6268W7;
				GCC_DYNAMIC_NO_PIC = NO;
				GCC_OPTIMIZATION_LEVEL = 0;
				PRODUCT_BUNDLE_IDENTIFIER = com.merimerimeri.MenuMines;
				PRODUCT_NAME = MenuMinesDirect;
				PROVISIONING_PROFILE_SPECIFIER = "";
				SWIFT_ACTIVE_COMPILATION_CONDITIONS = "DEBUG SPARKLE_ENABLED $(inherited)";
			};
			name = Debug;
		};
		CC228F4B2F2D90E500479B7E /* Release */ = {
			isa = XCBuildConfiguration;
			buildSettings = {
				CODE_SIGN_IDENTITY = "Apple Development";
				CODE_SIGN_STYLE = Automatic;
				COPY_PHASE_STRIP = YES;
				DEBUG_INFORMATION_FORMAT = "dwarf-with-dsym";
				DEVELOPMENT_TEAM = 8G4H6268W7;
				PRODUCT_BUNDLE_IDENTIFIER = com.merimerimeri.MenuMines;
				PRODUCT_NAME = MenuMinesDirect;
				PROVISIONING_PROFILE_SPECIFIER = "";
			};
			name = Release;
		};
/* End XCBuildConfiguration section */

/* Begin XCConfigurationList section */
		A1000010229E0010 /* Build configuration list for PBXNativeTarget "MenuMines" */ = {
			isa = XCConfigurationList;
			buildConfigurations = (
				A1000017229E0017 /* Debug */,
				A1000018229E0018 /* Release */,
				CC228F492F2D90E500479B7E /* Release-Direct */,
			);
			defaultConfigurationIsVisible = 0;
			defaultConfigurationName = Release;
		};
		A1000014229E0014 /* Build configuration list for PBXProject "MenuMines" */ = {
			isa = XCConfigurationList;
			buildConfigurations = (
				A1000015229E0015 /* Debug */,
				A1000016229E0016 /* Release */,
				A1000200229E0200 /* Release-Direct */,
			);
			defaultConfigurationIsVisible = 0;
			defaultConfigurationName = Release;
		};
		A1000030229E0030 /* Build configuration list for PBXNativeTarget "MenuMinesTests" */ = {
			isa = XCConfigurationList;
			buildConfigurations = (
				A1000034229E0034 /* Debug */,
				A1000035229E0035 /* Release */,
				A1000202229E0202 /* Release-Direct */,
			);
			defaultConfigurationIsVisible = 0;
			defaultConfigurationName = Release;
		};
		B9442F0769C5A52820062E92 /* Build configuration list for PBXNativeTarget "MenuMinesDirect" */ = {
			isa = XCConfigurationList;
			buildConfigurations = (
				A1000201229E0201 /* Release-Direct */,
				CC228F4A2F2D90E500479B7E /* Debug */,
				CC228F4B2F2D90E500479B7E /* Release */,
			);
			defaultConfigurationIsVisible = 0;
			defaultConfigurationName = "Release-Direct";
		};
/* End XCConfigurationList section */

/* Begin XCRemoteSwiftPackageReference section */
		A1000052229E0052 /* XCRemoteSwiftPackageReference "sentry-cocoa" */ = {
			isa = XCRemoteSwiftPackageReference;
			repositoryURL = "https://github.com/getsentry/sentry-cocoa.git";
			requirement = {
				kind = upToNextMajorVersion;
				minimumVersion = 8.0.0;
			};
		};
		A1000053229E0053 /* XCRemoteSwiftPackageReference "Sparkle" */ = {
			isa = XCRemoteSwiftPackageReference;
			repositoryURL = "https://github.com/sparkle-project/Sparkle.git";
			requirement = {
				kind = upToNextMajorVersion;
				minimumVersion = 2.5.0;
			};
		};
/* End XCRemoteSwiftPackageReference section */

/* Begin XCSwiftPackageProductDependency section */
		A1000051229E0051 /* Sentry */ = {
			isa = XCSwiftPackageProductDependency;
			package = A1000052229E0052 /* XCRemoteSwiftPackageReference "sentry-cocoa" */;
			productName = Sentry;
		};
		A1000054229E0054 /* Sparkle */ = {
			isa = XCSwiftPackageProductDependency;
			package = A1000053229E0053 /* XCRemoteSwiftPackageReference "Sparkle" */;
			productName = Sparkle;
		};
/* End XCSwiftPackageProductDependency section */
	};
	rootObject = A1000013229E0013 /* Project object */;
}
